
Microsoft Visual Studio Solution File, Format Version 12.00
# Visual Studio Version 17
VisualStudioVersion = 17.1.32414.318
MinimumVisualStudioVersion = 10.0.40219.1
Project("{FAE04EC0-301F-11D3-BF4B-00C04F79EFBC}") = "cuboid", "cuboid\cuboid.csproj", "{70F6FD47-19BD-40D3-9839-AC104A69B93D}"
EndProject
Global
	GlobalSection(SolutionConfigurationPlatforms) = preSolution
		Debug|Any CPU = Debug|Any CPU
		Release|Any CPU = Release|Any CPU
	EndGlobalSection
	GlobalSection(ProjectConfigurationPlatforms) = postSolution
		{70F6FD47-19BD-40D3-9839-AC104A69B93D}.Debug|Any CPU.ActiveCfg = Debug|Any CPU
		{70F6FD47-19BD-40D3-9839-AC104A69B93D}.Debug|Any CPU.Build.0 = Debug|Any CPU
		{70F6FD47-19BD-40D3-9839-AC104A69B93D}.Release|Any CPU.ActiveCfg = Release|Any CPU
		{70F6FD47-19BD-40D3-9839-AC104A69B93D}.Release|Any CPU.Build.0 = Release|Any CPU
	EndGlobalSection
	GlobalSection(SolutionProperties) = preSolution
		HideSolutionNode = FALSE
	EndGlobalSection
	GlobalSection(ExtensibilityGlobals) = postSolution
		SolutionGuid = {1CAF4289-99C9-4524-9295-13648BB52A3E}
	EndGlobalSection
EndGlobal
